
Microsoft Visual Studio Solution File, Format Version 12.00
Project("{FAE04EC0-301F-11D3-BF4B-00C04F79EFBC}") = "WebApi", "WebApi\WebApi.csproj", "{FEECBB8F-F2C7-405C-A8C2-D847D36A6EAF}"
EndProject
Project("{FAE04EC0-301F-11D3-BF4B-00C04F79EFBC}") = "DataAccess", "DataAccess\DataAccess.csproj", "{3C74AFED-C804-4D20-8161-77F10D2A0A30}"
EndProject
Project("{FAE04EC0-301F-11D3-BF4B-00C04F79EFBC}") = "BussinessLogic", "BussinessLogic\BussinessLogic.csproj", "{B37693A9-F147-4731-8127-28A296553EDF}"
EndProject
Global
	GlobalSection(SolutionConfigurationPlatforms) = preSolution
		Debug|Any CPU = Debug|Any CPU
		Release|Any CPU = Release|Any CPU
	EndGlobalSection
	GlobalSection(ProjectConfigurationPlatforms) = postSolution
		{FEECBB8F-F2C7-405C-A8C2-D847D36A6EAF}.Debug|Any CPU.ActiveCfg = Debug|Any CPU
		{FEECBB8F-F2C7-405C-A8C2-D847D36A6EAF}.Debug|Any CPU.Build.0 = Debug|Any CPU
		{FEECBB8F-F2C7-405C-A8C2-D847D36A6EAF}.Release|Any CPU.ActiveCfg = Release|Any CPU
		{FEECBB8F-F2C7-405C-A8C2-D847D36A6EAF}.Release|Any CPU.Build.0 = Release|Any CPU
		{3C74AFED-C804-4D20-8161-77F10D2A0A30}.Debug|Any CPU.ActiveCfg = Debug|Any CPU
		{3C74AFED-C804-4D20-8161-77F10D2A0A30}.Debug|Any CPU.Build.0 = Debug|Any CPU
		{3C74AFED-C804-4D20-8161-77F10D2A0A30}.Release|Any CPU.ActiveCfg = Release|Any CPU
		{3C74AFED-C804-4D20-8161-77F10D2A0A30}.Release|Any CPU.Build.0 = Release|Any CPU
		{B37693A9-F147-4731-8127-28A296553EDF}.Debug|Any CPU.ActiveCfg = Debug|Any CPU
		{B37693A9-F147-4731-8127-28A296553EDF}.Debug|Any CPU.Build.0 = Debug|Any CPU
		{B37693A9-F147-4731-8127-28A296553EDF}.Release|Any CPU.ActiveCfg = Release|Any CPU
		{B37693A9-F147-4731-8127-28A296553EDF}.Release|Any CPU.Build.0 = Release|Any CPU
	EndGlobalSection
EndGlobal
